
Microsoft Visual Studio Solution File, Format Version 12.00
# Visual Studio Version 17
VisualStudioVersion = 17.5.33424.131
MinimumVisualStudioVersion = 10.0.40219.1
Project("{8BC9CEB8-8B4A-11D0-8D11-00A0C91BC942}") = "struct stack", "struct stack\struct stack.vcxproj", "{CAD1CB2E-3E7C-40D1-A3FC-AE8EF54DDDE7}"
EndProject
Global
	GlobalSection(SolutionConfigurationPlatforms) = preSolution
		Debug|x64 = Debug|x64
		Debug|x86 = Debug|x86
		Release|x64 = Release|x64
		Release|x86 = Release|x86
	EndGlobalSection
	GlobalSection(ProjectConfigurationPlatforms) = postSolution
		{CAD1CB2E-3E7C-40D1-A3FC-AE8EF54DDDE7}.Debug|x64.ActiveCfg = Debug|x64
		{CAD1CB2E-3E7C-40D1-A3FC-AE8EF54DDDE7}.Debug|x64.Build.0 = Debug|x64
		{CAD1CB2E-3E7C-40D1-A3FC-AE8EF54DDDE7}.Debug|x86.ActiveCfg = Debug|Win32
		{CAD1CB2E-3E7C-40D1-A3FC-AE8EF54DDDE7}.Debug|x86.Build.0 = Debug|Win32
		{CAD1CB2E-3E7C-40D1-A3FC-AE8EF54DDDE7}.Release|x64.ActiveCfg = Release|x64
		{CAD1CB2E-3E7C-40D1-A3FC-AE8EF54DDDE7}.Release|x64.Build.0 = Release|x64
		{CAD1CB2E-3E7C-40D1-A3FC-AE8EF54DDDE7}.Release|x86.ActiveCfg = Release|Win32
		{CAD1CB2E-3E7C-40D1-A3FC-AE8EF54DDDE7}.Release|x86.Build.0 = Release|Win32
	EndGlobalSection
	GlobalSection(SolutionProperties) = preSolution
		HideSolutionNode = FALSE
	EndGlobalSection
	GlobalSection(ExtensibilityGlobals) = postSolution
		SolutionGuid = {EDAACFB2-51CF-41F4-9CA6-9D776BA28BAB}
	EndGlobalSection
EndGlobal
